
Microsoft Visual Studio Solution File, Format Version 12.00
# Visual Studio 15
VisualStudioVersion = 15.0.26228.9
MinimumVisualStudioVersion = 10.0.40219.1
Project("{FAE04EC0-301F-11D3-BF4B-00C04F79EFBC}") = "CentralitaHerencia", "CentralitaHerencia\CentralitaHerencia.csproj", "{F3DB76AC-C9EA-46D6-8CAC-7663E021E605}"
EndProject
Project("{FAE04EC0-301F-11D3-BF4B-00C04F79EFBC}") = "Entidades", "Entidades\Entidades.csproj", "{CA5D5B16-9966-4F45-97EC-198DCC635BF2}"
EndProject
Global
	GlobalSection(SolutionConfigurationPlatforms) = preSolution
		Debug|Any CPU = Debug|Any CPU
		Release|Any CPU = Release|Any CPU
	EndGlobalSection
	GlobalSection(ProjectConfigurationPlatforms) = postSolution
		{F3DB76AC-C9EA-46D6-8CAC-7663E021E605}.Debug|Any CPU.ActiveCfg = Debug|Any CPU
		{F3DB76AC-C9EA-46D6-8CAC-7663E021E605}.Debug|Any CPU.Build.0 = Debug|Any CPU
		{F3DB76AC-C9EA-46D6-8CAC-7663E021E605}.Release|Any CPU.ActiveCfg = Release|Any CPU
		{F3DB76AC-C9EA-46D6-8CAC-7663E021E605}.Release|Any CPU.Build.0 = Release|Any CPU
		{CA5D5B16-9966-4F45-97EC-198DCC635BF2}.Debug|Any CPU.ActiveCfg = Debug|Any CPU
		{CA5D5B16-9966-4F45-97EC-198DCC635BF2}.Debug|Any CPU.Build.0 = Debug|Any CPU
		{CA5D5B16-9966-4F45-97EC-198DCC635BF2}.Release|Any CPU.ActiveCfg = Release|Any CPU
		{CA5D5B16-9966-4F45-97EC-198DCC635BF2}.Release|Any CPU.Build.0 = Release|Any CPU
	EndGlobalSection
	GlobalSection(SolutionProperties) = preSolution
		HideSolutionNode = FALSE
	EndGlobalSection
EndGlobal
